
Microsoft Visual Studio Solution File, Format Version 12.00
# Visual Studio 15
VisualStudioVersion = 15.0.27703.2042
MinimumVisualStudioVersion = 10.0.40219.1
Project("{FAE04EC0-301F-11D3-BF4B-00C04F79EFBC}") = "SimpleLV.Android", "SimpleLV\SimpleLV.Android\SimpleLV.Android.csproj", "{9A4636DA-AD88-4994-B102-960E190EF086}"
EndProject
Project("{FAE04EC0-301F-11D3-BF4B-00C04F79EFBC}") = "SimpleLV.iOS", "SimpleLV\SimpleLV.iOS\SimpleLV.iOS.csproj", "{BB3C420E-8A94-4AE3-9ECF-2228F055E4DC}"
EndProject
Project("{FAE04EC0-301F-11D3-BF4B-00C04F79EFBC}") = "SimpleLV", "SimpleLV\SimpleLV\SimpleLV.csproj", "{F5082696-512B-4775-A3E9-AEC945F2D3F1}"
EndProject
Global
	GlobalSection(SolutionConfigurationPlatforms) = preSolution
		Ad-Hoc|Any CPU = Ad-Hoc|Any CPU
		Ad-Hoc|iPhone = Ad-Hoc|iPhone
		Ad-Hoc|iPhoneSimulator = Ad-Hoc|iPhoneSimulator
		AppStore|Any CPU = AppStore|Any CPU
		AppStore|iPhone = AppStore|iPhone
		AppStore|iPhoneSimulator = AppStore|iPhoneSimulator
		Debug|Any CPU = Debug|Any CPU
		Debug|iPhone = Debug|iPhone
		Debug|iPhoneSimulator = Debug|iPhoneSimulator
		Release|Any CPU = Release|Any CPU
		Release|iPhone = Release|iPhone
		Release|iPhoneSimulator = Release|iPhoneSimulator
	EndGlobalSection
	GlobalSection(ProjectConfigurationPlatforms) = postSolution
		{9A4636DA-AD88-4994-B102-960E190EF086}.Ad-Hoc|Any CPU.ActiveCfg = Release|Any CPU
		{9A4636DA-AD88-4994-B102-960E190EF086}.Ad-Hoc|Any CPU.Build.0 = Release|Any CPU
		{9A4636DA-AD88-4994-B102-960E190EF086}.Ad-Hoc|Any CPU.Deploy.0 = Release|Any CPU
		{9A4636DA-AD88-4994-B102-960E190EF086}.Ad-Hoc|iPhone.ActiveCfg = Release|Any CPU
		{9A4636DA-AD88-4994-B102-960E190EF086}.Ad-Hoc|iPhone.Build.0 = Release|Any CPU
		{9A4636DA-AD88-4994-B102-960E190EF086}.Ad-Hoc|iPhone.Deploy.0 = Release|Any CPU
		{9A4636DA-AD88-4994-B102-960E190EF086}.Ad-Hoc|iPhoneSimulator.ActiveCfg = Release|Any CPU
		{9A4636DA-AD88-4994-B102-960E190EF086}.Ad-Hoc|iPhoneSimulator.Build.0 = Release|Any CPU
		{9A4636DA-AD88-4994-B102-960E190EF086}.Ad-Hoc|iPhoneSimulator.Deploy.0 = Release|Any CPU
		{9A4636DA-AD88-4994-B102-960E190EF086}.AppStore|Any CPU.ActiveCfg = Release|Any CPU
		{9A4636DA-AD88-4994-B102-960E190EF086}.AppStore|Any CPU.Build.0 = Release|Any CPU
		{9A4636DA-AD88-4994-B102-960E190EF086}.AppStore|Any CPU.Deploy.0 = Release|Any CPU
		{9A4636DA-AD88-4994-B102-960E190EF086}.AppStore|iPhone.ActiveCfg = Release|Any CPU
		{9A4636DA-AD88-4994-B102-960E190EF086}.AppStore|iPhone.Build.0 = Release|Any CPU
		{9A4636DA-AD88-4994-B102-960E190EF086}.AppStore|iPhone.Deploy.0 = Release|Any CPU
		{9A4636DA-AD88-4994-B102-960E190EF086}.AppStore|iPhoneSimulator.ActiveCfg = Release|Any CPU
		{9A4636DA-AD88-4994-B102-960E190EF086}.AppStore|iPhoneSimulator.Build.0 = Release|Any CPU
		{9A4636DA-AD88-4994-B102-960E190EF086}.AppStore|iPhoneSimulator.Deploy.0 = Release|Any CPU
		{9A4636DA-AD88-4994-B102-960E190EF086}.Debug|Any CPU.ActiveCfg = Debug|Any CPU
		{9A4636DA-AD88-4994-B102-960E190EF086}.Debug|Any CPU.Build.0 = Debug|Any CPU
		{9A4636DA-AD88-4994-B102-960E190EF086}.Debug|Any CPU.Deploy.0 = Debug|Any CPU
		{9A4636DA-AD88-4994-B102-960E190EF086}.Debug|iPhone.ActiveCfg = Debug|Any CPU
		{9A4636DA-AD88-4994-B102-960E190EF086}.Debug|iPhone.Build.0 = Debug|Any CPU
		{9A4636DA-AD88-4994-B102-960E190EF086}.Debug|iPhone.Deploy.0 = Debug|Any CPU
		{9A4636DA-AD88-4994-B102-960E190EF086}.Debug|iPhoneSimulator.ActiveCfg = Debug|Any CPU
		{9A4636DA-AD88-4994-B102-960E190EF086}.Debug|iPhoneSimulator.Build.0 = Debug|Any CPU
		{9A4636DA-AD88-4994-B102-960E190EF086}.Debug|iPhoneSimulator.Deploy.0 = Debug|Any CPU
		{9A4636DA-AD88-4994-B102-960E190EF086}.Release|Any CPU.ActiveCfg = Release|Any CPU
		{9A4636DA-AD88-4994-B102-960E190EF086}.Release|Any CPU.Build.0 = Release|Any CPU
		{9A4636DA-AD88-4994-B102-960E190EF086}.Release|Any CPU.Deploy.0 = Release|Any CPU
		{9A4636DA-AD88-4994-B102-960E190EF086}.Release|iPhone.ActiveCfg = Release|Any CPU
		{9A4636DA-AD88-4994-B102-960E190EF086}.Release|iPhone.Build.0 = Release|Any CPU
		{9A4636DA-AD88-4994-B102-960E190EF086}.Release|iPhone.Deploy.0 = Release|Any CPU
		{9A4636DA-AD88-4994-B102-960E190EF086}.Release|iPhoneSimulator.ActiveCfg = Release|Any CPU
		{9A4636DA-AD88-4994-B102-960E190EF086}.Release|iPhoneSimulator.Build.0 = Release|Any CPU
		{9A4636DA-AD88-4994-B102-960E190EF086}.Release|iPhoneSimulator.Deploy.0 = Release|Any CPU
		{BB3C420E-8A94-4AE3-9ECF-2228F055E4DC}.Ad-Hoc|Any CPU.ActiveCfg = Ad-Hoc|iPhone
		{BB3C420E-8A94-4AE3-9ECF-2228F055E4DC}.Ad-Hoc|Any CPU.Build.0 = Ad-Hoc|iPhone
		{BB3C420E-8A94-4AE3-9ECF-2228F055E4DC}.Ad-Hoc|Any CPU.Deploy.0 = Ad-Hoc|iPhone
		{BB3C420E-8A94-4AE3-9ECF-2228F055E4DC}.Ad-Hoc|iPhone.ActiveCfg = Ad-Hoc|iPhone
		{BB3C420E-8A94-4AE3-9ECF-2228F055E4DC}.Ad-Hoc|iPhone.Build.0 = Ad-Hoc|iPhone
		{BB3C420E-8A94-4AE3-9ECF-2228F055E4DC}.Ad-Hoc|iPhone.Deploy.0 = Ad-Hoc|iPhone
		{BB3C420E-8A94-4AE3-9ECF-2228F055E4DC}.Ad-Hoc|iPhoneSimulator.ActiveCfg = Ad-Hoc|iPhoneSimulator
		{BB3C420E-8A94-4AE3-9ECF-2228F055E4DC}.Ad-Hoc|iPhoneSimulator.Build.0 = Ad-Hoc|iPhoneSimulator
		{BB3C420E-8A94-4AE3-9ECF-2228F055E4DC}.Ad-Hoc|iPhoneSimulator.Deploy.0 = Ad-Hoc|iPhoneSimulator
		{BB3C420E-8A94-4AE3-9ECF-2228F055E4DC}.AppStore|Any CPU.ActiveCfg = AppStore|iPhone
		{BB3C420E-8A94-4AE3-9ECF-2228F055E4DC}.AppStore|Any CPU.Build.0 = AppStore|iPhone
		{BB3C420E-8A94-4AE3-9ECF-2228F055E4DC}.AppStore|Any CPU.Deploy.0 = AppStore|iPhone
		{BB3C420E-8A94-4AE3-9ECF-2228F055E4DC}.AppStore|iPhone.ActiveCfg = AppStore|iPhone
		{BB3C420E-8A94-4AE3-9ECF-2228F055E4DC}.AppStore|iPhone.Build.0 = AppStore|iPhone
		{BB3C420E-8A94-4AE3-9ECF-2228F055E4DC}.AppStore|iPhone.Deploy.0 = AppStore|iPhone
		{BB3C420E-8A94-4AE3-9ECF-2228F055E4DC}.AppStore|iPhoneSimulator.ActiveCfg = AppStore|iPhoneSimulator
		{BB3C420E-8A94-4AE3-9ECF-2228F055E4DC}.AppStore|iPhoneSimulator.Build.0 = AppStore|iPhoneSimulator
		{BB3C420E-8A94-4AE3-9ECF-2228F055E4DC}.AppStore|iPhoneSimulator.Deploy.0 = AppStore|iPhoneSimulator
		{BB3C420E-8A94-4AE3-9ECF-2228F055E4DC}.Debug|Any CPU.ActiveCfg = Debug|iPhoneSimulator
		{BB3C420E-8A94-4AE3-9ECF-2228F055E4DC}.Debug|Any CPU.Deploy.0 = Debug|iPhoneSimulator
		{BB3C420E-8A94-4AE3-9ECF-2228F055E4DC}.Debug|iPhone.ActiveCfg = Debug|iPhone
		{BB3C420E-8A94-4AE3-9ECF-2228F055E4DC}.Debug|iPhone.Build.0 = Debug|iPhone
		{BB3C420E-8A94-4AE3-9ECF-2228F055E4DC}.Debug|iPhone.Deploy.0 = Debug|iPhone
		{BB3C420E-8A94-4AE3-9ECF-2228F055E4DC}.Debug|iPhoneSimulator.ActiveCfg = Debug|iPhoneSimulator
		{BB3C420E-8A94-4AE3-9ECF-2228F055E4DC}.Debug|iPhoneSimulator.Build.0 = Debug|iPhoneSimulator
		{BB3C420E-8A94-4AE3-9ECF-2228F055E4DC}.Debug|iPhoneSimulator.Deploy.0 = Debug|iPhoneSimulator
		{BB3C420E-8A94-4AE3-9ECF-2228F055E4DC}.Release|Any CPU.ActiveCfg = Release|iPhone
		{BB3C420E-8A94-4AE3-9ECF-2228F055E4DC}.Release|Any CPU.Build.0 = Release|iPhone
		{BB3C420E-8A94-4AE3-9ECF-2228F055E4DC}.Release|Any CPU.Deploy.0 = Release|iPhone
		{BB3C420E-8A94-4AE3-9ECF-2228F055E4DC}.Release|iPhone.ActiveCfg = Release|iPhone
		{BB3C420E-8A94-4AE3-9ECF-2228F055E4DC}.Release|iPhone.Build.0 = Release|iPhone
		{BB3C420E-8A94-4AE3-9ECF-2228F055E4DC}.Release|iPhone.Deploy.0 = Release|iPhone
		{BB3C420E-8A94-4AE3-9ECF-2228F055E4DC}.Release|iPhoneSimulator.ActiveCfg = Release|iPhoneSimulator
		{BB3C420E-8A94-4AE3-9ECF-2228F055E4DC}.Release|iPhoneSimulator.Build.0 = Release|iPhoneSimulator
		{BB3C420E-8A94-4AE3-9ECF-2228F055E4DC}.Release|iPhoneSimulator.Deploy.0 = Release|iPhoneSimulator
		{F5082696-512B-4775-A3E9-AEC945F2D3F1}.Ad-Hoc|Any CPU.ActiveCfg = Debug|Any CPU
		{F5082696-512B-4775-A3E9-AEC945F2D3F1}.Ad-Hoc|Any CPU.Build.0 = Debug|Any CPU
		{F5082696-512B-4775-A3E9-AEC945F2D3F1}.Ad-Hoc|Any CPU.Deploy.0 = Debug|Any CPU
		{F5082696-512B-4775-A3E9-AEC945F2D3F1}.Ad-Hoc|iPhone.ActiveCfg = Debug|Any CPU
		{F5082696-512B-4775-A3E9-AEC945F2D3F1}.Ad-Hoc|iPhone.Build.0 = Debug|Any CPU
		{F5082696-512B-4775-A3E9-AEC945F2D3F1}.Ad-Hoc|iPhone.Deploy.0 = Debug|Any CPU
		{F5082696-512B-4775-A3E9-AEC945F2D3F1}.Ad-Hoc|iPhoneSimulator.ActiveCfg = Debug|Any CPU
		{F5082696-512B-4775-A3E9-AEC945F2D3F1}.Ad-Hoc|iPhoneSimulator.Build.0 = Debug|Any CPU
		{F5082696-512B-4775-A3E9-AEC945F2D3F1}.Ad-Hoc|iPhoneSimulator.Deploy.0 = Debug|Any CPU
		{F5082696-512B-4775-A3E9-AEC945F2D3F1}.AppStore|Any CPU.ActiveCfg = Debug|Any CPU
		{F5082696-512B-4775-A3E9-AEC945F2D3F1}.AppStore|Any CPU.Build.0 = Debug|Any CPU
		{F5082696-512B-4775-A3E9-AEC945F2D3F1}.AppStore|Any CPU.Deploy.0 = Debug|Any CPU
		{F5082696-512B-4775-A3E9-AEC945F2D3F1}.AppStore|iPhone.ActiveCfg = Debug|Any CPU
		{F5082696-512B-4775-A3E9-AEC945F2D3F1}.AppStore|iPhone.Build.0 = Debug|Any CPU
		{F5082696-512B-4775-A3E9-AEC945F2D3F1}.AppStore|iPhone.Deploy.0 = Debug|Any CPU
		{F5082696-512B-4775-A3E9-AEC945F2D3F1}.AppStore|iPhoneSimulator.ActiveCfg = Debug|Any CPU
		{F5082696-512B-4775-A3E9-AEC945F2D3F1}.AppStore|iPhoneSimulator.Build.0 = Debug|Any CPU
		{F5082696-512B-4775-A3E9-AEC945F2D3F1}.AppStore|iPhoneSimulator.Deploy.0 = Debug|Any CPU
		{F5082696-512B-4775-A3E9-AEC945F2D3F1}.Debug|Any CPU.ActiveCfg = Debug|Any CPU
		{F5082696-512B-4775-A3E9-AEC945F2D3F1}.Debug|Any CPU.Build.0 = Debug|Any CPU
		{F5082696-512B-4775-A3E9-AEC945F2D3F1}.Debug|Any CPU.Deploy.0 = Debug|Any CPU
		{F5082696-512B-4775-A3E9-AEC945F2D3F1}.Debug|iPhone.ActiveCfg = Debug|Any CPU
		{F5082696-512B-4775-A3E9-AEC945F2D3F1}.Debug|iPhone.Build.0 = Debug|Any CPU
		{F5082696-512B-4775-A3E9-AEC945F2D3F1}.Debug|iPhone.Deploy.0 = Debug|Any CPU
		{F5082696-512B-4775-A3E9-AEC945F2D3F1}.Debug|iPhoneSimulator.ActiveCfg = Debug|Any CPU
		{F5082696-512B-4775-A3E9-AEC945F2D3F1}.Debug|iPhoneSimulator.Build.0 = Debug|Any CPU
		{F5082696-512B-4775-A3E9-AEC945F2D3F1}.Debug|iPhoneSimulator.Deploy.0 = Debug|Any CPU
		{F5082696-512B-4775-A3E9-AEC945F2D3F1}.Release|Any CPU.ActiveCfg = Release|Any CPU
		{F5082696-512B-4775-A3E9-AEC945F2D3F1}.Release|Any CPU.Build.0 = Release|Any CPU
		{F5082696-512B-4775-A3E9-AEC945F2D3F1}.Release|Any CPU.Deploy.0 = Release|Any CPU
		{F5082696-512B-4775-A3E9-AEC945F2D3F1}.Release|iPhone.ActiveCfg = Release|Any CPU
		{F5082696-512B-4775-A3E9-AEC945F2D3F1}.Release|iPhone.Build.0 = Release|Any CPU
		{F5082696-512B-4775-A3E9-AEC945F2D3F1}.Release|iPhone.Deploy.0 = Release|Any CPU
		{F5082696-512B-4775-A3E9-AEC945F2D3F1}.Release|iPhoneSimulator.ActiveCfg = Release|Any CPU
		{F5082696-512B-4775-A3E9-AEC945F2D3F1}.Release|iPhoneSimulator.Build.0 = Release|Any CPU
		{F5082696-512B-4775-A3E9-AEC945F2D3F1}.Release|iPhoneSimulator.Deploy.0 = Release|Any CPU
	EndGlobalSection
	GlobalSection(SolutionProperties) = preSolution
		HideSolutionNode = FALSE
	EndGlobalSection
	GlobalSection(ExtensibilityGlobals) = postSolution
		SolutionGuid = {4B876640-0C6F-4C55-874E-A062CF8CC4C3}
	EndGlobalSection
EndGlobal
